// !$*UTF8*$!
{
	archiveVersion = 1;
	classes = {
	};
	objectVersion = 52;
	objects = {

/* Begin PBXBuildFile section */
		C711AA9724BE87C000B1BE05 /* readme.md in Resources */ = {isa = PBXBuildFile; fileRef = C711AA9624BE87C000B1BE05 /* readme.md */; };
		C793FE8024C6C62000552759 /* Theo in Frameworks */ = {isa = PBXBuildFile; productRef = C793FE7F24C6C62000552759 /* Theo */; };
		C7CA1E9124BE8017005505B2 /* AppDelegate.swift in Sources */ = {isa = PBXBuildFile; fileRef = C7CA1E9024BE8017005505B2 /* AppDelegate.swift */; };
		C7CA1E9324BE8017005505B2 /* SceneDelegate.swift in Sources */ = {isa = PBXBuildFile; fileRef = C7CA1E9224BE8017005505B2 /* SceneDelegate.swift */; };
		C7CA1E9524BE8017005505B2 /* ContentView.swift in Sources */ = {isa = PBXBuildFile; fileRef = C7CA1E9424BE8017005505B2 /* ContentView.swift */; };
		C7CA1E9724BE8018005505B2 /* Assets.xcassets in Resources */ = {isa = PBXBuildFile; fileRef = C7CA1E9624BE8018005505B2 /* Assets.xcassets */; };
		C7CA1E9A24BE8018005505B2 /* Preview Assets.xcassets in Resources */ = {isa = PBXBuildFile; fileRef = C7CA1E9924BE8018005505B2 /* Preview Assets.xcassets */; };
		C7CA1E9D24BE8018005505B2 /* LaunchScreen.storyboard in Resources */ = {isa = PBXBuildFile; fileRef = C7CA1E9B24BE8018005505B2 /* LaunchScreen.storyboard */; };
		C7CA1EA524BE8051005505B2 /* NeoTester.swift in Sources */ = {isa = PBXBuildFile; fileRef = C7CA1EA424BE8051005505B2 /* NeoTester.swift */; };
/* End PBXBuildFile section */

/* Begin PBXFileReference section */
		C711AA9624BE87C000B1BE05 /* readme.md */ = {isa = PBXFileReference; lastKnownFileType = net.daringfireball.markdown; path = readme.md; sourceTree = "<group>"; };
		C7CA1E8D24BE8017005505B2 /* NeoTest.app */ = {isa = PBXFileReference; explicitFileType = wrapper.application; includeInIndex = 0; path = NeoTest.app; sourceTree = BUILT_PRODUCTS_DIR; };
		C7CA1E9024BE8017005505B2 /* AppDelegate.swift */ = {isa = PBXFileReference; lastKnownFileType = sourcecode.swift; path = AppDelegate.swift; sourceTree = "<group>"; };
		C7CA1E9224BE8017005505B2 /* SceneDelegate.swift */ = {isa = PBXFileReference; lastKnownFileType = sourcecode.swift; path = SceneDelegate.swift; sourceTree = "<group>"; };
		C7CA1E9424BE8017005505B2 /* ContentView.swift */ = {isa = PBXFileReference; lastKnownFileType = sourcecode.swift; path = ContentView.swift; sourceTree = "<group>"; };
		C7CA1E9624BE8018005505B2 /* Assets.xcassets */ = {isa = PBXFileReference; lastKnownFileType = folder.assetcatalog; path = Assets.xcassets; sourceTree = "<group>"; };
		C7CA1E9924BE8018005505B2 /* Preview Assets.xcassets */ = {isa = PBXFileReference; lastKnownFileType = folder.assetcatalog; path = "Preview Assets.xcassets"; sourceTree = "<group>"; };
		C7CA1E9C24BE8018005505B2 /* Base */ = {isa = PBXFileReference; lastKnownFileType = file.storyboard; name = Base; path = Base.lproj/LaunchScreen.storyboard; sourceTree = "<group>"; };
		C7CA1E9E24BE8018005505B2 /* Info.plist */ = {isa = PBXFileReference; lastKnownFileType = text.plist.xml; path = Info.plist; sourceTree = "<group>"; };
		C7CA1EA424BE8051005505B2 /* NeoTester.swift */ = {isa = PBXFileReference; lastKnownFileType = sourcecode.swift; path = NeoTester.swift; sourceTree = "<group>"; };
		C7CA1EA624BE8067005505B2 /* NeoTest.entitlements */ = {isa = PBXFileReference; lastKnownFileType = text.plist.entitlements; path = NeoTest.entitlements; sourceTree = "<group>"; };
/* End PBXFileReference section */

/* Begin PBXFrameworksBuildPhase section */
		C7CA1E8A24BE8017005505B2 /* Frameworks */ = {
			isa = PBXFrameworksBuildPhase;
			buildActionMask = 2147483647;
			files = (
				C793FE8024C6C62000552759 /* Theo in Frameworks */,
			);
			runOnlyForDeploymentPostprocessing = 0;
		};
/* End PBXFrameworksBuildPhase section */

/* Begin PBXGroup section */
		C7CA1E8424BE8017005505B2 = {
			isa = PBXGroup;
			children = (
				C711AA9624BE87C000B1BE05 /* readme.md */,
				C7CA1E8F24BE8017005505B2 /* NeoTest */,
				C7CA1E8E24BE8017005505B2 /* Products */,
			);
			sourceTree = "<group>";
		};
		C7CA1E8E24BE8017005505B2 /* Products */ = {
			isa = PBXGroup;
			children = (
				C7CA1E8D24BE8017005505B2 /* NeoTest.app */,
			);
			name = Products;
			sourceTree = "<group>";
		};
		C7CA1E8F24BE8017005505B2 /* NeoTest */ = {
			isa = PBXGroup;
			children = (
				C7CA1EA424BE8051005505B2 /* NeoTester.swift */,
				C7CA1E9424BE8017005505B2 /* ContentView.swift */,
				C7CA1E9024BE8017005505B2 /* AppDelegate.swift */,
				C7CA1E9224BE8017005505B2 /* SceneDelegate.swift */,
				C7CA1E9624BE8018005505B2 /* Assets.xcassets */,
				C7CA1E9B24BE8018005505B2 /* LaunchScreen.storyboard */,
				C7CA1EA624BE8067005505B2 /* NeoTest.entitlements */,
				C7CA1E9E24BE8018005505B2 /* Info.plist */,
				C7CA1E9824BE8018005505B2 /* Preview Content */,
			);
			path = NeoTest;
			sourceTree = "<group>";
		};
		C7CA1E9824BE8018005505B2 /* Preview Content */ = {
			isa = PBXGroup;
			children = (
				C7CA1E9924BE8018005505B2 /* Preview Assets.xcassets */,
			);
			path = "Preview Content";
			sourceTree = "<group>";
		};
/* End PBXGroup section */

/* Begin PBXNativeTarget section */
		C7CA1E8C24BE8017005505B2 /* NeoTest */ = {
			isa = PBXNativeTarget;
			buildConfigurationList = C7CA1EA124BE8018005505B2 /* Build configuration list for PBXNativeTarget "NeoTest" */;
			buildPhases = (
				C7CA1E8924BE8017005505B2 /* Sources */,
				C7CA1E8A24BE8017005505B2 /* Frameworks */,
				C7CA1E8B24BE8017005505B2 /* Resources */,
			);
			buildRules = (
			);
			dependencies = (
			);
			name = NeoTest;
			packageProductDependencies = (
				C793FE7F24C6C62000552759 /* Theo */,
			);
			productName = NeoTest;
			productReference = C7CA1E8D24BE8017005505B2 /* NeoTest.app */;
			productType = "com.apple.product-type.application";
		};
/* End PBXNativeTarget section */

/* Begin PBXProject section */
		C7CA1E8524BE8017005505B2 /* Project object */ = {
			isa = PBXProject;
			attributes = {
				LastSwiftUpdateCheck = 1200;
				LastUpgradeCheck = 1200;
				TargetAttributes = {
					C7CA1E8C24BE8017005505B2 = {
						CreatedOnToolsVersion = 12.0;
					};
				};
			};
			buildConfigurationList = C7CA1E8824BE8017005505B2 /* Build configuration list for PBXProject "NeoTest" */;
			compatibilityVersion = "Xcode 9.3";
			developmentRegion = en;
			hasScannedForEncodings = 0;
			knownRegions = (
				en,
				Base,
			);
			mainGroup = C7CA1E8424BE8017005505B2;
			packageReferences = (
				C793FE7E24C6C62000552759 /* XCRemoteSwiftPackageReference "Neo4j-Swift" */,
			);
			productRefGroup = C7CA1E8E24BE8017005505B2 /* Products */;
			projectDirPath = "";
			projectRoot = "";
			targets = (
				C7CA1E8C24BE8017005505B2 /* NeoTest */,
			);
		};
/* End PBXProject section */

/* Begin PBXResourcesBuildPhase section */
		C7CA1E8B24BE8017005505B2 /* Resources */ = {
			isa = PBXResourcesBuildPhase;
			buildActionMask = 2147483647;
			files = (
				C7CA1E9D24BE8018005505B2 /* LaunchScreen.storyboard in Resources */,
				C7CA1E9A24BE8018005505B2 /* Preview Assets.xcassets in Resources */,
				C711AA9724BE87C000B1BE05 /* readme.md in Resources */,
				C7CA1E9724BE8018005505B2 /* Assets.xcassets in Resources */,
			);
			runOnlyForDeploymentPostprocessing = 0;
		};
/* End PBXResourcesBuildPhase section */

/* Begin PBXSourcesBuildPhase section */
		C7CA1E8924BE8017005505B2 /* Sources */ = {
			isa = PBXSourcesBuildPhase;
			buildActionMask = 2147483647;
			files = (
				C7CA1E9124BE8017005505B2 /* AppDelegate.swift in Sources */,
				C7CA1E9324BE8017005505B2 /* SceneDelegate.swift in Sources */,
				C7CA1E9524BE8017005505B2 /* ContentView.swift in Sources */,
				C7CA1EA524BE8051005505B2 /* NeoTester.swift in Sources */,
			);
			runOnlyForDeploymentPostprocessing = 0;
		};
/* End PBXSourcesBuildPhase section */

/* Begin PBXVariantGroup section */
		C7CA1E9B24BE8018005505B2 /* LaunchScreen.storyboard */ = {
			isa = PBXVariantGroup;
			children = (
				C7CA1E9C24BE8018005505B2 /* Base */,
			);
			name = LaunchScreen.storyboard;
			sourceTree = "<group>";
		};
/* End PBXVariantGroup section */

/* Begin XCBuildConfiguration section */
		C7CA1E9F24BE8018005505B2 /* Debug */ = {
			isa = XCBuildConfiguration;
			buildSettings = {
				ALWAYS_SEARCH_USER_PATHS = NO;
				CLANG_ANALYZER_NONNULL = YES;
				CLANG_ANALYZER_NUMBER_OBJECT_CONVERSION = YES_AGGRESSIVE;
				CLANG_CXX_LANGUAGE_STANDARD = "gnu++14";
				CLANG_CXX_LIBRARY = "libc++";
				CLANG_ENABLE_MODULES = YES;
				CLANG_ENABLE_OBJC_ARC = YES;
				CLANG_ENABLE_OBJC_WEAK = YES;
				CLANG_WARN_BLOCK_CAPTURE_AUTORELEASING = YES;
				CLANG_WARN_BOOL_CONVERSION = YES;
				CLANG_WARN_COMMA = YES;
				CLANG_WARN_CONSTANT_CONVERSION = YES;
				CLANG_WARN_DEPRECATED_OBJC_IMPLEMENTATIONS = YES;
				CLANG_WARN_DIRECT_OBJC_ISA_USAGE = YES_ERROR;
				CLANG_WARN_DOCUMENTATION_COMMENTS = YES;
				CLANG_WARN_EMPTY_BODY = YES;
				CLANG_WARN_ENUM_CONVERSION = YES;
				CLANG_WARN_INFINITE_RECURSION = YES;
				CLANG_WARN_INT_CONVERSION = YES;
				CLANG_WARN_NON_LITERAL_NULL_CONVERSION = YES;
				CLANG_WARN_OBJC_IMPLICIT_RETAIN_SELF = YES;
				CLANG_WARN_OBJC_LITERAL_CONVERSION = YES;
				CLANG_WARN_OBJC_ROOT_CLASS = YES_ERROR;
				CLANG_WARN_QUOTED_INCLUDE_IN_FRAMEWORK_HEADER = YES;
				CLANG_WARN_RANGE_LOOP_ANALYSIS = YES;
				CLANG_WARN_STRICT_PROTOTYPES = YES;
				CLANG_WARN_SUSPICIOUS_MOVE = YES;
				CLANG_WARN_UNGUARDED_AVAILABILITY = YES_AGGRESSIVE;
				CLANG_WARN_UNREACHABLE_CODE = YES;
				CLANG_WARN__DUPLICATE_METHOD_MATCH = YES;
				COPY_PHASE_STRIP = NO;
				DEBUG_INFORMATION_FORMAT = dwarf;
				ENABLE_STRICT_OBJC_MSGSEND = YES;
				ENABLE_TESTABILITY = YES;
				GCC_C_LANGUAGE_STANDARD = gnu11;
				GCC_DYNAMIC_NO_PIC = NO;
				GCC_NO_COMMON_BLOCKS = YES;
				GCC_OPTIMIZATION_LEVEL = 0;
				GCC_PREPROCESSOR_DEFINITIONS = (
					"DEBUG=1",
					"$(inherited)",
				);
				GCC_WARN_64_TO_32_BIT_CONVERSION = YES;
				GCC_WARN_ABOUT_RETURN_TYPE = YES_ERROR;
				GCC_WARN_UNDECLARED_SELECTOR = YES;
				GCC_WARN_UNINITIALIZED_AUTOS = YES_AGGRESSIVE;
				GCC_WARN_UNUSED_FUNCTION = YES;
				GCC_WARN_UNUSED_VARIABLE = YES;
				IPHONEOS_DEPLOYMENT_TARGET = 13.5;
				MTL_ENABLE_DEBUG_INFO = INCLUDE_SOURCE;
				MTL_FAST_MATH = YES;
				ONLY_ACTIVE_ARCH = YES;
				SDKROOT = iphoneos;
				SWIFT_ACTIVE_COMPILATION_CONDITIONS = DEBUG;
				SWIFT_OPTIMIZATION_LEVEL = "-Onone";
			};
			name = Debug;
		};
		C7CA1EA024BE8018005505B2 /* Release */ = {
			isa = XCBuildConfiguration;
			buildSettings = {
				ALWAYS_SEARCH_USER_PATHS = NO;
				CLANG_ANALYZER_NONNULL = YES;
				CLANG_ANALYZER_NUMBER_OBJECT_CONVERSION = YES_AGGRESSIVE;
				CLANG_CXX_LANGUAGE_STANDARD = "gnu++14";
				CLANG_CXX_LIBRARY = "libc++";
				CLANG_ENABLE_MODULES = YES;
				CLANG_ENABLE_OBJC_ARC = YES;
				CLANG_ENABLE_OBJC_WEAK = YES;
				CLANG_WARN_BLOCK_CAPTURE_AUTORELEASING = YES;
				CLANG_WARN_BOOL_CONVERSION = YES;
				CLANG_WARN_COMMA = YES;
				CLANG_WARN_CONSTANT_CONVERSION = YES;
				CLANG_WARN_DEPRECATED_OBJC_IMPLEMENTATIONS = YES;
				CLANG_WARN_DIRECT_OBJC_ISA_USAGE = YES_ERROR;
				CLANG_WARN_DOCUMENTATION_COMMENTS = YES;
				CLANG_WARN_EMPTY_BODY = YES;
				CLANG_WARN_ENUM_CONVERSION = YES;
				CLANG_WARN_INFINITE_RECURSION = YES;
				CLANG_WARN_INT_CONVERSION = YES;
				CLANG_WARN_NON_LITERAL_NULL_CONVERSION = YES;
				CLANG_WARN_OBJC_IMPLICIT_RETAIN_SELF = YES;
				CLANG_WARN_OBJC_LITERAL_CONVERSION = YES;
				CLANG_WARN_OBJC_ROOT_CLASS = YES_ERROR;
				CLANG_WARN_QUOTED_INCLUDE_IN_FRAMEWORK_HEADER = YES;
				CLANG_WARN_RANGE_LOOP_ANALYSIS = YES;
				CLANG_WARN_STRICT_PROTOTYPES = YES;
				CLANG_WARN_SUSPICIOUS_MOVE = YES;
				CLANG_WARN_UNGUARDED_AVAILABILITY = YES_AGGRESSIVE;
				CLANG_WARN_UNREACHABLE_CODE = YES;
				CLANG_WARN__DUPLICATE_METHOD_MATCH = YES;
				COPY_PHASE_STRIP = NO;
				DEBUG_INFORMATION_FORMAT = "dwarf-with-dsym";
				ENABLE_NS_ASSERTIONS = NO;
				ENABLE_STRICT_OBJC_MSGSEND = YES;
				GCC_C_LANGUAGE_STANDARD = gnu11;
				GCC_NO_COMMON_BLOCKS = YES;
				GCC_WARN_64_TO_32_BIT_CONVERSION = YES;
				GCC_WARN_ABOUT_RETURN_TYPE = YES_ERROR;
				GCC_WARN_UNDECLARED_SELECTOR = YES;
				GCC_WARN_UNINITIALIZED_AUTOS = YES_AGGRESSIVE;
				GCC_WARN_UNUSED_FUNCTION = YES;
				GCC_WARN_UNUSED_VARIABLE = YES;
				IPHONEOS_DEPLOYMENT_TARGET = 13.5;
				MTL_ENABLE_DEBUG_INFO = NO;
				MTL_FAST_MATH = YES;
				SDKROOT = iphoneos;
				SWIFT_COMPILATION_MODE = wholemodule;
				SWIFT_OPTIMIZATION_LEVEL = "-O";
				VALIDATE_PRODUCT = YES;
			};
			name = Release;
		};
		C7CA1EA224BE8018005505B2 /* Debug */ = {
			isa = XCBuildConfiguration;
			buildSettings = {
				ASSETCATALOG_COMPILER_APPICON_NAME = AppIcon;
				ASSETCATALOG_COMPILER_GLOBAL_ACCENT_COLOR_NAME = AccentColor;
				CODE_SIGN_ENTITLEMENTS = NeoTest/NeoTest.entitlements;
				CODE_SIGN_STYLE = Automatic;
				DEVELOPMENT_ASSET_PATHS = "\"NeoTest/Preview Content\"";
				DEVELOPMENT_TEAM = N7KF5K7NET;
				ENABLE_PREVIEWS = YES;
				INFOPLIST_FILE = NeoTest/Info.plist;
				LD_RUNPATH_SEARCH_PATHS = (
					"$(inherited)",
					"@executable_path/Frameworks",
				);
				PRODUCT_BUNDLE_IDENTIFIER = ringo.stixneolib.com.NeoTest;
				PRODUCT_NAME = "$(TARGET_NAME)";
				SUPPORTS_MACCATALYST = YES;
				SWIFT_VERSION = 5.0;
				TARGETED_DEVICE_FAMILY = "1,2";
			};
			name = Debug;
		};
		C7CA1EA324BE8018005505B2 /* Release */ = {
			isa = XCBuildConfiguration;
			buildSettings = {
				ASSETCATALOG_COMPILER_APPICON_NAME = AppIcon;
				ASSETCATALOG_COMPILER_GLOBAL_ACCENT_COLOR_NAME = AccentColor;
				CODE_SIGN_ENTITLEMENTS = NeoTest/NeoTest.entitlements;
				CODE_SIGN_STYLE = Automatic;
				DEVELOPMENT_ASSET_PATHS = "\"NeoTest/Preview Content\"";
				DEVELOPMENT_TEAM = N7KF5K7NET;
				ENABLE_PREVIEWS = YES;
				INFOPLIST_FILE = NeoTest/Info.plist;
				LD_RUNPATH_SEARCH_PATHS = (
					"$(inherited)",
					"@executable_path/Frameworks",
				);
				PRODUCT_BUNDLE_IDENTIFIER = ringo.stixneolib.com.NeoTest;
				PRODUCT_NAME = "$(TARGET_NAME)";
				SUPPORTS_MACCATALYST = YES;
				SWIFT_VERSION = 5.0;
				TARGETED_DEVICE_FAMILY = "1,2";
			};
			name = Release;
		};
/* End XCBuildConfiguration section */

/* Begin XCConfigurationList section */
		C7CA1E8824BE8017005505B2 /* Build configuration list for PBXProject "NeoTest" */ = {
			isa = XCConfigurationList;
			buildConfigurations = (
				C7CA1E9F24BE8018005505B2 /* Debug */,
				C7CA1EA024BE8018005505B2 /* Release */,
			);
			defaultConfigurationIsVisible = 0;
			defaultConfigurationName = Release;
		};
		C7CA1EA124BE8018005505B2 /* Build configuration list for PBXNativeTarget "NeoTest" */ = {
			isa = XCConfigurationList;
			buildConfigurations = (
				C7CA1EA224BE8018005505B2 /* Debug */,
				C7CA1EA324BE8018005505B2 /* Release */,
			);
			defaultConfigurationIsVisible = 0;
			defaultConfigurationName = Release;
		};
/* End XCConfigurationList section */

/* Begin XCRemoteSwiftPackageReference section */
		C793FE7E24C6C62000552759 /* XCRemoteSwiftPackageReference "Neo4j-Swift" */ = {
			isa = XCRemoteSwiftPackageReference;
			repositoryURL = "https://github.com/Neo4j-Swift/Neo4j-Swift/";
			requirement = {
				branch = dev/5.2.1;
				kind = branch;
			};
		};
/* End XCRemoteSwiftPackageReference section */

/* Begin XCSwiftPackageProductDependency section */
		C793FE7F24C6C62000552759 /* Theo */ = {
			isa = XCSwiftPackageProductDependency;
			package = C793FE7E24C6C62000552759 /* XCRemoteSwiftPackageReference "Neo4j-Swift" */;
			productName = Theo;
		};
/* End XCSwiftPackageProductDependency section */
	};
	rootObject = C7CA1E8524BE8017005505B2 /* Project object */;
}
